
Microsoft Visual Studio Solution File, Format Version 12.00
# Visual Studio Version 16
VisualStudioVersion = 16.0.31205.134
MinimumVisualStudioVersion = 10.0.40219.1
Project("{FAE04EC0-301F-11D3-BF4B-00C04F79EFBC}") = "AheadRaceQA", "AheadRaceQA\AheadRaceQA.csproj", "{64B22677-4E3C-4C26-BD3C-43B2F46E4B6A}"
EndProject
Global
	GlobalSection(SolutionConfigurationPlatforms) = preSolution
		Debug|Any CPU = Debug|Any CPU
		Release|Any CPU = Release|Any CPU
	EndGlobalSection
	GlobalSection(ProjectConfigurationPlatforms) = postSolution
		{64B22677-4E3C-4C26-BD3C-43B2F46E4B6A}.Debug|Any CPU.ActiveCfg = Debug|Any CPU
		{64B22677-4E3C-4C26-BD3C-43B2F46E4B6A}.Debug|Any CPU.Build.0 = Debug|Any CPU
		{64B22677-4E3C-4C26-BD3C-43B2F46E4B6A}.Release|Any CPU.ActiveCfg = Release|Any CPU
		{64B22677-4E3C-4C26-BD3C-43B2F46E4B6A}.Release|Any CPU.Build.0 = Release|Any CPU
	EndGlobalSection
	GlobalSection(SolutionProperties) = preSolution
		HideSolutionNode = FALSE
	EndGlobalSection
	GlobalSection(ExtensibilityGlobals) = postSolution
		SolutionGuid = {5B6EB90C-233D-406C-8A1B-D53A89929B14}
	EndGlobalSection
EndGlobal
